
Microsoft Visual Studio Solution File, Format Version 12.00
# Visual Studio 14
VisualStudioVersion = 14.0.25420.1
MinimumVisualStudioVersion = 10.0.40219.1
Project("{FAE04EC0-301F-11D3-BF4B-00C04F79EFBC}") = "CA3calculator", "CA3calculator\CA3calculator.csproj", "{C7D5CE31-F595-4BA2-B50F-4B9847E808CD}"
EndProject
Project("{FAE04EC0-301F-11D3-BF4B-00C04F79EFBC}") = "Calculator_test", "Calculator_test\Calculator_test.csproj", "{64C6E730-819F-49D1-9EE5-2CDC27E33265}"
EndProject
Global
	GlobalSection(SolutionConfigurationPlatforms) = preSolution
		Debug|Any CPU = Debug|Any CPU
		Release|Any CPU = Release|Any CPU
	EndGlobalSection
	GlobalSection(ProjectConfigurationPlatforms) = postSolution
		{C7D5CE31-F595-4BA2-B50F-4B9847E808CD}.Debug|Any CPU.ActiveCfg = Debug|Any CPU
		{C7D5CE31-F595-4BA2-B50F-4B9847E808CD}.Debug|Any CPU.Build.0 = Debug|Any CPU
		{C7D5CE31-F595-4BA2-B50F-4B9847E808CD}.Release|Any CPU.ActiveCfg = Release|Any CPU
		{C7D5CE31-F595-4BA2-B50F-4B9847E808CD}.Release|Any CPU.Build.0 = Release|Any CPU
		{64C6E730-819F-49D1-9EE5-2CDC27E33265}.Debug|Any CPU.ActiveCfg = Debug|Any CPU
		{64C6E730-819F-49D1-9EE5-2CDC27E33265}.Debug|Any CPU.Build.0 = Debug|Any CPU
		{64C6E730-819F-49D1-9EE5-2CDC27E33265}.Release|Any CPU.ActiveCfg = Release|Any CPU
		{64C6E730-819F-49D1-9EE5-2CDC27E33265}.Release|Any CPU.Build.0 = Release|Any CPU
	EndGlobalSection
	GlobalSection(SolutionProperties) = preSolution
		HideSolutionNode = FALSE
	EndGlobalSection
EndGlobal
